// !$*UTF8*$!
{
	archiveVersion = 1;
	classes = {
	};
	objectVersion = 48;
	objects = {

/* Begin PBXBuildFile section */
		2A01AA191FEA62D50072034B /* PlayAndRecordManager.m in Sources */ = {isa = PBXBuildFile; fileRef = 2A01AA181FEA62D50072034B /* PlayAndRecordManager.m */; };
		2A01AB711FEA73C20072034B /* speex.pc in Resources */ = {isa = PBXBuildFile; fileRef = 2A01AB391FEA73C10072034B /* speex.pc */; };
		2A01AB721FEA73C20072034B /* libspeex.a in Frameworks */ = {isa = PBXBuildFile; fileRef = 2A01AB3A1FEA73C10072034B /* libspeex.a */; };
		2A01AB731FEA73C20072034B /* libspeex.la in Resources */ = {isa = PBXBuildFile; fileRef = 2A01AB3B1FEA73C10072034B /* libspeex.la */; };
		2A01AB741FEA73C20072034B /* speex.m4 in Resources */ = {isa = PBXBuildFile; fileRef = 2A01AB3E1FEA73C10072034B /* speex.m4 */; };
		2A01AB751FEA73C20072034B /* manual.pdf in Resources */ = {isa = PBXBuildFile; fileRef = 2A01AB411FEA73C10072034B /* manual.pdf */; };
		2A0835BB1FE11EC6000FD145 /* SpeexEnc.c in Sources */ = {isa = PBXBuildFile; fileRef = 2A0835BA1FE11EC6000FD145 /* SpeexEnc.c */; };
		2A48E7EB1FDA96C400FA5E5D /* AudioQueuePlayer.m in Sources */ = {isa = PBXBuildFile; fileRef = 2A48E7EA1FDA96C400FA5E5D /* AudioQueuePlayer.m */; };
		2A4FF2331FF3890F0033D58B /* encodedpcm2 in Resources */ = {isa = PBXBuildFile; fileRef = 2A4FF2321FF3890F0033D58B /* encodedpcm2 */; };
		2A65FF511FE917D9007B7719 /* original2.pcm in Resources */ = {isa = PBXBuildFile; fileRef = 2A65FF501FE917D9007B7719 /* original2.pcm */; };
		2A9DC2821FD97AD10020A1F0 /* AppDelegate.m in Sources */ = {isa = PBXBuildFile; fileRef = 2A9DC2811FD97AD10020A1F0 /* AppDelegate.m */; };
		2A9DC2851FD97AD20020A1F0 /* ViewController.m in Sources */ = {isa = PBXBuildFile; fileRef = 2A9DC2841FD97AD20020A1F0 /* ViewController.m */; };
		2A9DC2881FD97AD20020A1F0 /* Main.storyboard in Resources */ = {isa = PBXBuildFile; fileRef = 2A9DC2861FD97AD20020A1F0 /* Main.storyboard */; };
		2A9DC28A1FD97AD20020A1F0 /* Assets.xcassets in Resources */ = {isa = PBXBuildFile; fileRef = 2A9DC2891FD97AD20020A1F0 /* Assets.xcassets */; };
		2A9DC28D1FD97AD20020A1F0 /* LaunchScreen.storyboard in Resources */ = {isa = PBXBuildFile; fileRef = 2A9DC28B1FD97AD20020A1F0 /* LaunchScreen.storyboard */; };
		2A9DC2901FD97AD20020A1F0 /* main.m in Sources */ = {isa = PBXBuildFile; fileRef = 2A9DC28F1FD97AD20020A1F0 /* main.m */; };
		2A9DC29A1FD97AD20020A1F0 /* cppDemoTests.m in Sources */ = {isa = PBXBuildFile; fileRef = 2A9DC2991FD97AD20020A1F0 /* cppDemoTests.m */; };
		2A9DC2A51FD97AD20020A1F0 /* cppDemoUITests.m in Sources */ = {isa = PBXBuildFile; fileRef = 2A9DC2A41FD97AD20020A1F0 /* cppDemoUITests.m */; };
		2AB1833D1FEB5C830041E07E /* Makefile.am in Resources */ = {isa = PBXBuildFile; fileRef = 2AB183121FEB5C830041E07E /* Makefile.am */; };
		2AB1833E1FEB5C830041E07E /* Makefile.in in Resources */ = {isa = PBXBuildFile; fileRef = 2AB183151FEB5C830041E07E /* Makefile.in */; };
		2AB1833F1FEB5C830041E07E /* speexdsp_config_types.h.in in Resources */ = {isa = PBXBuildFile; fileRef = 2AB183161FEB5C830041E07E /* speexdsp_config_types.h.in */; };
		2AB183401FEB5C830041E07E /* Makefile.am in Resources */ = {isa = PBXBuildFile; fileRef = 2AB183171FEB5C830041E07E /* Makefile.am */; };
		2AB183411FEB5C830041E07E /* Makefile.in in Resources */ = {isa = PBXBuildFile; fileRef = 2AB183181FEB5C830041E07E /* Makefile.in */; };
		2AB183421FEB5C830041E07E /* kiss_fft.c in Sources */ = {isa = PBXBuildFile; fileRef = 2AB1831E1FEB5C830041E07E /* kiss_fft.c */; };
		2AB183431FEB5C830041E07E /* buffer.c in Sources */ = {isa = PBXBuildFile; fileRef = 2AB183211FEB5C830041E07E /* buffer.c */; };
		2AB183441FEB5C830041E07E /* fftwrap.c in Sources */ = {isa = PBXBuildFile; fileRef = 2AB183241FEB5C830041E07E /* fftwrap.c */; };
		2AB183451FEB5C830041E07E /* kiss_fftr.c in Sources */ = {isa = PBXBuildFile; fileRef = 2AB183261FEB5C830041E07E /* kiss_fftr.c */; };
		2AB183461FEB5C830041E07E /* jitter.c in Sources */ = {isa = PBXBuildFile; fileRef = 2AB183281FEB5C830041E07E /* jitter.c */; };
		2AB183471FEB5C830041E07E /* Makefile.am in Resources */ = {isa = PBXBuildFile; fileRef = 2AB1832A1FEB5C830041E07E /* Makefile.am */; };
		2AB183481FEB5C830041E07E /* filterbank.c in Sources */ = {isa = PBXBuildFile; fileRef = 2AB1832B1FEB5C830041E07E /* filterbank.c */; };
		2AB183491FEB5C830041E07E /* resample.c in Sources */ = {isa = PBXBuildFile; fileRef = 2AB1832D1FEB5C830041E07E /* resample.c */; };
		2AB1834A1FEB5C830041E07E /* smallft.c in Sources */ = {isa = PBXBuildFile; fileRef = 2AB1832E1FEB5C830041E07E /* smallft.c */; };
		2AB1834B1FEB5C830041E07E /* preprocess.c in Sources */ = {isa = PBXBuildFile; fileRef = 2AB1832F1FEB5C830041E07E /* preprocess.c */; };
		2AB1834C1FEB5C830041E07E /* mdf.c in Sources */ = {isa = PBXBuildFile; fileRef = 2AB183311FEB5C830041E07E /* mdf.c */; };
		2AB1834D1FEB5C830041E07E /* echo_diagnostic.m in Sources */ = {isa = PBXBuildFile; fileRef = 2AB183331FEB5C830041E07E /* echo_diagnostic.m */; };
		2AB1834E1FEB5C830041E07E /* Makefile.in in Resources */ = {isa = PBXBuildFile; fileRef = 2AB183381FEB5C830041E07E /* Makefile.in */; };
		2AB1834F1FEB5C830041E07E /* scal.c in Sources */ = {isa = PBXBuildFile; fileRef = 2AB1833A1FEB5C830041E07E /* scal.c */; };
		2AC18BA91FDFC1A400D33F19 /* AudioUnitRecorder.m in Sources */ = {isa = PBXBuildFile; fileRef = 2AC18BA81FDFC1A400D33F19 /* AudioUnitRecorder.m */; };
		2AC7F38D1FE7479A00AE4C03 /* AudioUnitPlayer.m in Sources */ = {isa = PBXBuildFile; fileRef = 2AC7F38C1FE7479A00AE4C03 /* AudioUnitPlayer.m */; };
		2AC7F3911FE7571A00AE4C03 /* test.pcm in Resources */ = {isa = PBXBuildFile; fileRef = 2AC7F3901FE7571A00AE4C03 /* test.pcm */; };
		2AC7F3941FE75B5900AE4C03 /* AudioUnitPlayAndRecord.m in Sources */ = {isa = PBXBuildFile; fileRef = 2AC7F3931FE75B5900AE4C03 /* AudioUnitPlayAndRecord.m */; };
		2AC7F3971FE78EB100AE4C03 /* AudioUnitRecorder2.m in Sources */ = {isa = PBXBuildFile; fileRef = 2AC7F3961FE78EB100AE4C03 /* AudioUnitRecorder2.m */; };
		2AC7F39E1FE7AEFD00AE4C03 /* SpeexTools.m in Sources */ = {isa = PBXBuildFile; fileRef = 2AC7F39D1FE7AEFD00AE4C03 /* SpeexTools.m */; };
		2AD11E041FE360950009C455 /* originalpcm in Resources */ = {isa = PBXBuildFile; fileRef = 2AD11E031FE360950009C455 /* originalpcm */; };
		2AD11E071FE367A60009C455 /* encodedpcm in Resources */ = {isa = PBXBuildFile; fileRef = 2AD11E051FE367A50009C455 /* encodedpcm */; };
		2AD11E081FE367A60009C455 /* decodedpcm in Resources */ = {isa = PBXBuildFile; fileRef = 2AD11E061FE367A60009C455 /* decodedpcm */; };
		2AE505401FDA709300C626A1 /* AudioQueueRecorder.m in Sources */ = {isa = PBXBuildFile; fileRef = 2AE5053F1FDA709300C626A1 /* AudioQueueRecorder.m */; };
		2AF426A01FDE1C77009B8C9D /* CAFSample.caf in Resources */ = {isa = PBXBuildFile; fileRef = 2AF4269F1FDE1C77009B8C9D /* CAFSample.caf */; };
/* End PBXBuildFile section */

/* Begin PBXContainerItemProxy section */
		2A9DC2961FD97AD20020A1F0 /* PBXContainerItemProxy */ = {
			isa = PBXContainerItemProxy;
			containerPortal = 2A9DC2751FD97AD10020A1F0 /* Project object */;
			proxyType = 1;
			remoteGlobalIDString = 2A9DC27C1FD97AD10020A1F0;
			remoteInfo = cppDemo;
		};
		2A9DC2A11FD97AD20020A1F0 /* PBXContainerItemProxy */ = {
			isa = PBXContainerItemProxy;
			containerPortal = 2A9DC2751FD97AD10020A1F0 /* Project object */;
			proxyType = 1;
			remoteGlobalIDString = 2A9DC27C1FD97AD10020A1F0;
			remoteInfo = cppDemo;
		};
/* End PBXContainerItemProxy section */

/* Begin PBXFileReference section */
		2A01AA171FEA62D50072034B /* PlayAndRecordManager.h */ = {isa = PBXFileReference; lastKnownFileType = sourcecode.c.h; path = PlayAndRecordManager.h; sourceTree = "<group>"; };
		2A01AA181FEA62D50072034B /* PlayAndRecordManager.m */ = {isa = PBXFileReference; lastKnownFileType = sourcecode.c.objc; path = PlayAndRecordManager.m; sourceTree = "<group>"; };
		2A01AB301FEA73C10072034B /* speex_config_types.h */ = {isa = PBXFileReference; fileEncoding = 4; lastKnownFileType = sourcecode.c.h; path = speex_config_types.h; sourceTree = "<group>"; };
		2A01AB311FEA73C10072034B /* speex_header.h */ = {isa = PBXFileReference; fileEncoding = 4; lastKnownFileType = sourcecode.c.h; path = speex_header.h; sourceTree = "<group>"; };
		2A01AB321FEA73C10072034B /* speex_stereo.h */ = {isa = PBXFileReference; fileEncoding = 4; lastKnownFileType = sourcecode.c.h; path = speex_stereo.h; sourceTree = "<group>"; };
		2A01AB331FEA73C10072034B /* speex.h */ = {isa = PBXFileReference; fileEncoding = 4; lastKnownFileType = sourcecode.c.h; path = speex.h; sourceTree = "<group>"; };
		2A01AB341FEA73C10072034B /* speex_types.h */ = {isa = PBXFileReference; fileEncoding = 4; lastKnownFileType = sourcecode.c.h; path = speex_types.h; sourceTree = "<group>"; };
		2A01AB351FEA73C10072034B /* speex_bits.h */ = {isa = PBXFileReference; fileEncoding = 4; lastKnownFileType = sourcecode.c.h; path = speex_bits.h; sourceTree = "<group>"; };
		2A01AB361FEA73C10072034B /* speex_callbacks.h */ = {isa = PBXFileReference; fileEncoding = 4; lastKnownFileType = sourcecode.c.h; path = speex_callbacks.h; sourceTree = "<group>"; };
		2A01AB391FEA73C10072034B /* speex.pc */ = {isa = PBXFileReference; fileEncoding = 4; lastKnownFileType = text; path = speex.pc; sourceTree = "<group>"; };
		2A01AB3A1FEA73C10072034B /* libspeex.a */ = {isa = PBXFileReference; lastKnownFileType = archive.ar; path = libspeex.a; sourceTree = "<group>"; };
		2A01AB3B1FEA73C10072034B /* libspeex.la */ = {isa = PBXFileReference; fileEncoding = 4; lastKnownFileType = text; path = libspeex.la; sourceTree = "<group>"; };
		2A01AB3E1FEA73C10072034B /* speex.m4 */ = {isa = PBXFileReference; fileEncoding = 4; lastKnownFileType = text; path = speex.m4; sourceTree = "<group>"; };
		2A01AB411FEA73C10072034B /* manual.pdf */ = {isa = PBXFileReference; lastKnownFileType = image.pdf; path = manual.pdf; sourceTree = "<group>"; };
		2A0835B91FE11EC6000FD145 /* SpeexEnc.h */ = {isa = PBXFileReference; lastKnownFileType = sourcecode.c.h; path = SpeexEnc.h; sourceTree = "<group>"; };
		2A0835BA1FE11EC6000FD145 /* SpeexEnc.c */ = {isa = PBXFileReference; lastKnownFileType = sourcecode.c.c; path = SpeexEnc.c; sourceTree = "<group>"; };
		2A48E7E91FDA96C400FA5E5D /* AudioQueuePlayer.h */ = {isa = PBXFileReference; lastKnownFileType = sourcecode.c.h; path = AudioQueuePlayer.h; sourceTree = "<group>"; };
		2A48E7EA1FDA96C400FA5E5D /* AudioQueuePlayer.m */ = {isa = PBXFileReference; lastKnownFileType = sourcecode.c.objc; path = AudioQueuePlayer.m; sourceTree = "<group>"; };
		2A4FF2321FF3890F0033D58B /* encodedpcm2 */ = {isa = PBXFileReference; lastKnownFileType = file; path = encodedpcm2; sourceTree = "<group>"; };
		2A65FF501FE917D9007B7719 /* original2.pcm */ = {isa = PBXFileReference; lastKnownFileType = file; path = original2.pcm; sourceTree = "<group>"; };
		2A9DC27D1FD97AD10020A1F0 /* cppDemo.app */ = {isa = PBXFileReference; explicitFileType = wrapper.application; includeInIndex = 0; path = cppDemo.app; sourceTree = BUILT_PRODUCTS_DIR; };
		2A9DC2801FD97AD10020A1F0 /* AppDelegate.h */ = {isa = PBXFileReference; lastKnownFileType = sourcecode.c.h; path = AppDelegate.h; sourceTree = "<group>"; };
		2A9DC2811FD97AD10020A1F0 /* AppDelegate.m */ = {isa = PBXFileReference; lastKnownFileType = sourcecode.c.objc; path = AppDelegate.m; sourceTree = "<group>"; };
		2A9DC2831FD97AD10020A1F0 /* ViewController.h */ = {isa = PBXFileReference; lastKnownFileType = sourcecode.c.h; path = ViewController.h; sourceTree = "<group>"; };
		2A9DC2841FD97AD20020A1F0 /* ViewController.m */ = {isa = PBXFileReference; explicitFileType = sourcecode.cpp.objcpp; path = ViewController.m; sourceTree = "<group>"; };
		2A9DC2871FD97AD20020A1F0 /* Base */ = {isa = PBXFileReference; lastKnownFileType = file.storyboard; name = Base; path = Base.lproj/Main.storyboard; sourceTree = "<group>"; };
		2A9DC2891FD97AD20020A1F0 /* Assets.xcassets */ = {isa = PBXFileReference; lastKnownFileType = folder.assetcatalog; path = Assets.xcassets; sourceTree = "<group>"; };
		2A9DC28C1FD97AD20020A1F0 /* Base */ = {isa = PBXFileReference; lastKnownFileType = file.storyboard; name = Base; path = Base.lproj/LaunchScreen.storyboard; sourceTree = "<group>"; };
		2A9DC28E1FD97AD20020A1F0 /* Info.plist */ = {isa = PBXFileReference; lastKnownFileType = text.plist.xml; path = Info.plist; sourceTree = "<group>"; };
		2A9DC28F1FD97AD20020A1F0 /* main.m */ = {isa = PBXFileReference; lastKnownFileType = sourcecode.c.objc; path = main.m; sourceTree = "<group>"; };
		2A9DC2951FD97AD20020A1F0 /* cppDemoTests.xctest */ = {isa = PBXFileReference; explicitFileType = wrapper.cfbundle; includeInIndex = 0; path = cppDemoTests.xctest; sourceTree = BUILT_PRODUCTS_DIR; };
		2A9DC2991FD97AD20020A1F0 /* cppDemoTests.m */ = {isa = PBXFileReference; lastKnownFileType = sourcecode.c.objc; path = cppDemoTests.m; sourceTree = "<group>"; };
		2A9DC29B1FD97AD20020A1F0 /* Info.plist */ = {isa = PBXFileReference; lastKnownFileType = text.plist.xml; path = Info.plist; sourceTree = "<group>"; };
		2A9DC2A01FD97AD20020A1F0 /* cppDemoUITests.xctest */ = {isa = PBXFileReference; explicitFileType = wrapper.cfbundle; includeInIndex = 0; path = cppDemoUITests.xctest; sourceTree = BUILT_PRODUCTS_DIR; };
		2A9DC2A41FD97AD20020A1F0 /* cppDemoUITests.m */ = {isa = PBXFileReference; lastKnownFileType = sourcecode.c.objc; path = cppDemoUITests.m; sourceTree = "<group>"; };
		2A9DC2A61FD97AD20020A1F0 /* Info.plist */ = {isa = PBXFileReference; lastKnownFileType = text.plist.xml; path = Info.plist; sourceTree = "<group>"; };
		2AB1830E1FEB5C830041E07E /* speex_echo.h */ = {isa = PBXFileReference; fileEncoding = 4; lastKnownFileType = sourcecode.c.h; path = speex_echo.h; sourceTree = "<group>"; };
		2AB1830F1FEB5C830041E07E /* speexdsp_types.h */ = {isa = PBXFileReference; fileEncoding = 4; lastKnownFileType = sourcecode.c.h; path = speexdsp_types.h; sourceTree = "<group>"; };
		2AB183101FEB5C830041E07E /* speex_resampler.h */ = {isa = PBXFileReference; fileEncoding = 4; lastKnownFileType = sourcecode.c.h; path = speex_resampler.h; sourceTree = "<group>"; };
		2AB183111FEB5C830041E07E /* speex_preprocess.h */ = {isa = PBXFileReference; fileEncoding = 4; lastKnownFileType = sourcecode.c.h; path = speex_preprocess.h; sourceTree = "<group>"; };
		2AB183121FEB5C830041E07E /* Makefile.am */ = {isa = PBXFileReference; fileEncoding = 4; lastKnownFileType = text; path = Makefile.am; sourceTree = "<group>"; };
		2AB183131FEB5C830041E07E /* speex_buffer.h */ = {isa = PBXFileReference; fileEncoding = 4; lastKnownFileType = sourcecode.c.h; path = speex_buffer.h; sourceTree = "<group>"; };
		2AB183141FEB5C830041E07E /* speex_jitter.h */ = {isa = PBXFileReference; fileEncoding = 4; lastKnownFileType = sourcecode.c.h; path = speex_jitter.h; sourceTree = "<group>"; };
		2AB183151FEB5C830041E07E /* Makefile.in */ = {isa = PBXFileReference; fileEncoding = 4; lastKnownFileType = text; path = Makefile.in; sourceTree = "<group>"; };
		2AB183161FEB5C830041E07E /* speexdsp_config_types.h.in */ = {isa = PBXFileReference; fileEncoding = 4; lastKnownFileType = text; path = speexdsp_config_types.h.in; sourceTree = "<group>"; };
		2AB183171FEB5C830041E07E /* Makefile.am */ = {isa = PBXFileReference; fileEncoding = 4; lastKnownFileType = text; path = Makefile.am; sourceTree = "<group>"; };
		2AB183181FEB5C830041E07E /* Makefile.in */ = {isa = PBXFileReference; fileEncoding = 4; lastKnownFileType = text; path = Makefile.in; sourceTree = "<group>"; };
		2AB1831A1FEB5C830041E07E /* misc_bfin.h */ = {isa = PBXFileReference; fileEncoding = 4; lastKnownFileType = sourcecode.c.h; path = misc_bfin.h; sourceTree = "<group>"; };
		2AB1831B1FEB5C830041E07E /* smallft.h */ = {isa = PBXFileReference; fileEncoding = 4; lastKnownFileType = sourcecode.c.h; path = smallft.h; sourceTree = "<group>"; };
		2AB1831C1FEB5C830041E07E /* os_support.h */ = {isa = PBXFileReference; fileEncoding = 4; lastKnownFileType = sourcecode.c.h; path = os_support.h; sourceTree = "<group>"; };
		2AB1831D1FEB5C830041E07E /* filterbank.h */ = {isa = PBXFileReference; fileEncoding = 4; lastKnownFileType = sourcecode.c.h; path = filterbank.h; sourceTree = "<group>"; };
		2AB1831E1FEB5C830041E07E /* kiss_fft.c */ = {isa = PBXFileReference; fileEncoding = 4; lastKnownFileType = sourcecode.c.c; path = kiss_fft.c; sourceTree = "<group>"; };
		2AB1831F1FEB5C830041E07E /* stack_alloc.h */ = {isa = PBXFileReference; fileEncoding = 4; lastKnownFileType = sourcecode.c.h; path = stack_alloc.h; sourceTree = "<group>"; };
		2AB183201FEB5C830041E07E /* fixed_arm4.h */ = {isa = PBXFileReference; fileEncoding = 4; lastKnownFileType = sourcecode.c.h; path = fixed_arm4.h; sourceTree = "<group>"; };
		2AB183211FEB5C830041E07E /* buffer.c */ = {isa = PBXFileReference; fileEncoding = 4; lastKnownFileType = sourcecode.c.c; path = buffer.c; sourceTree = "<group>"; };
		2AB183221FEB5C830041E07E /* fixed_generic.h */ = {isa = PBXFileReference; fileEncoding = 4; lastKnownFileType = sourcecode.c.h; path = fixed_generic.h; sourceTree = "<group>"; };
		2AB183231FEB5C830041E07E /* fixed_arm5e.h */ = {isa = PBXFileReference; fileEncoding = 4; lastKnownFileType = sourcecode.c.h; path = fixed_arm5e.h; sourceTree = "<group>"; };
		2AB183241FEB5C830041E07E /* fftwrap.c */ = {isa = PBXFileReference; fileEncoding = 4; lastKnownFileType = sourcecode.c.c; path = fftwrap.c; sourceTree = "<group>"; };
		2AB183251FEB5C830041E07E /* pseudofloat.h */ = {isa = PBXFileReference; fileEncoding = 4; lastKnownFileType = sourcecode.c.h; path = pseudofloat.h; sourceTree = "<group>"; };
		2AB183261FEB5C830041E07E /* kiss_fftr.c */ = {isa = PBXFileReference; fileEncoding = 4; lastKnownFileType = sourcecode.c.c; path = kiss_fftr.c; sourceTree = "<group>"; };
		2AB183271FEB5C830041E07E /* _kiss_fft_guts.h */ = {isa = PBXFileReference; fileEncoding = 4; lastKnownFileType = sourcecode.c.h; path = _kiss_fft_guts.h; sourceTree = "<group>"; };
		2AB183281FEB5C830041E07E /* jitter.c */ = {isa = PBXFileReference; fileEncoding = 4; lastKnownFileType = sourcecode.c.c; path = jitter.c; sourceTree = "<group>"; };
		2AB183291FEB5C830041E07E /* math_approx.h */ = {isa = PBXFileReference; fileEncoding = 4; lastKnownFileType = sourcecode.c.h; path = math_approx.h; sourceTree = "<group>"; };
		2AB1832A1FEB5C830041E07E /* Makefile.am */ = {isa = PBXFileReference; fileEncoding = 4; lastKnownFileType = text; path = Makefile.am; sourceTree = "<group>"; };
		2AB1832B1FEB5C830041E07E /* filterbank.c */ = {isa = PBXFileReference; fileEncoding = 4; lastKnownFileType = sourcecode.c.c; path = filterbank.c; sourceTree = "<group>"; };
		2AB1832C1FEB5C830041E07E /* kiss_fft.h */ = {isa = PBXFileReference; fileEncoding = 4; lastKnownFileType = sourcecode.c.h; path = kiss_fft.h; sourceTree = "<group>"; };
		2AB1832D1FEB5C830041E07E /* resample.c */ = {isa = PBXFileReference; fileEncoding = 4; lastKnownFileType = sourcecode.c.c; path = resample.c; sourceTree = "<group>"; };
		2AB1832E1FEB5C830041E07E /* smallft.c */ = {isa = PBXFileReference; fileEncoding = 4; lastKnownFileType = sourcecode.c.c; path = smallft.c; sourceTree = "<group>"; };
		2AB1832F1FEB5C830041E07E /* preprocess.c */ = {isa = PBXFileReference; fileEncoding = 4; lastKnownFileType = sourcecode.c.c; path = preprocess.c; sourceTree = "<group>"; };
		2AB183301FEB5C830041E07E /* resample_neon.h */ = {isa = PBXFileReference; fileEncoding = 4; lastKnownFileType = sourcecode.c.h; path = resample_neon.h; sourceTree = "<group>"; };
		2AB183311FEB5C830041E07E /* mdf.c */ = {isa = PBXFileReference; fileEncoding = 4; lastKnownFileType = sourcecode.c.c; path = mdf.c; sourceTree = "<group>"; };
		2AB183321FEB5C830041E07E /* vorbis_psy.h */ = {isa = PBXFileReference; fileEncoding = 4; lastKnownFileType = sourcecode.c.h; path = vorbis_psy.h; sourceTree = "<group>"; };
		2AB183331FEB5C830041E07E /* echo_diagnostic.m */ = {isa = PBXFileReference; fileEncoding = 4; lastKnownFileType = sourcecode.c.objc; path = echo_diagnostic.m; sourceTree = "<group>"; };
		2AB183341FEB5C830041E07E /* kiss_fftr.h */ = {isa = PBXFileReference; fileEncoding = 4; lastKnownFileType = sourcecode.c.h; path = kiss_fftr.h; sourceTree = "<group>"; };
		2AB183351FEB5C830041E07E /* bfin.h */ = {isa = PBXFileReference; fileEncoding = 4; lastKnownFileType = sourcecode.c.h; path = bfin.h; sourceTree = "<group>"; };
		2AB183361FEB5C830041E07E /* fftwrap.h */ = {isa = PBXFileReference; fileEncoding = 4; lastKnownFileType = sourcecode.c.h; path = fftwrap.h; sourceTree = "<group>"; };
		2AB183371FEB5C830041E07E /* fixed_bfin.h */ = {isa = PBXFileReference; fileEncoding = 4; lastKnownFileType = sourcecode.c.h; path = fixed_bfin.h; sourceTree = "<group>"; };
		2AB183381FEB5C830041E07E /* Makefile.in */ = {isa = PBXFileReference; fileEncoding = 4; lastKnownFileType = text; path = Makefile.in; sourceTree = "<group>"; };
		2AB183391FEB5C830041E07E /* fixed_debug.h */ = {isa = PBXFileReference; fileEncoding = 4; lastKnownFileType = sourcecode.c.h; path = fixed_debug.h; sourceTree = "<group>"; };
		2AB1833A1FEB5C830041E07E /* scal.c */ = {isa = PBXFileReference; fileEncoding = 4; lastKnownFileType = sourcecode.c.c; path = scal.c; sourceTree = "<group>"; };
		2AB1833B1FEB5C830041E07E /* resample_sse.h */ = {isa = PBXFileReference; fileEncoding = 4; lastKnownFileType = sourcecode.c.h; path = resample_sse.h; sourceTree = "<group>"; };
		2AB1833C1FEB5C830041E07E /* arch.h */ = {isa = PBXFileReference; fileEncoding = 4; lastKnownFileType = sourcecode.c.h; path = arch.h; sourceTree = "<group>"; };
		2AC18BA71FDFC1A400D33F19 /* AudioUnitRecorder.h */ = {isa = PBXFileReference; lastKnownFileType = sourcecode.c.h; path = AudioUnitRecorder.h; sourceTree = "<group>"; };
		2AC18BA81FDFC1A400D33F19 /* AudioUnitRecorder.m */ = {isa = PBXFileReference; lastKnownFileType = sourcecode.c.objc; path = AudioUnitRecorder.m; sourceTree = "<group>"; };
		2AC7F38B1FE7479A00AE4C03 /* AudioUnitPlayer.h */ = {isa = PBXFileReference; lastKnownFileType = sourcecode.c.h; path = AudioUnitPlayer.h; sourceTree = "<group>"; };
		2AC7F38C1FE7479A00AE4C03 /* AudioUnitPlayer.m */ = {isa = PBXFileReference; lastKnownFileType = sourcecode.c.objc; path = AudioUnitPlayer.m; sourceTree = "<group>"; };
		2AC7F3901FE7571A00AE4C03 /* test.pcm */ = {isa = PBXFileReference; lastKnownFileType = file; path = test.pcm; sourceTree = "<group>"; };
		2AC7F3921FE75B5900AE4C03 /* AudioUnitPlayAndRecord.h */ = {isa = PBXFileReference; lastKnownFileType = sourcecode.c.h; path = AudioUnitPlayAndRecord.h; sourceTree = "<group>"; };
		2AC7F3931FE75B5900AE4C03 /* AudioUnitPlayAndRecord.m */ = {isa = PBXFileReference; lastKnownFileType = sourcecode.c.objc; path = AudioUnitPlayAndRecord.m; sourceTree = "<group>"; };
		2AC7F3951FE78EB100AE4C03 /* AudioUnitRecorder2.h */ = {isa = PBXFileReference; lastKnownFileType = sourcecode.c.h; path = AudioUnitRecorder2.h; sourceTree = "<group>"; };
		2AC7F3961FE78EB100AE4C03 /* AudioUnitRecorder2.m */ = {isa = PBXFileReference; lastKnownFileType = sourcecode.c.objc; path = AudioUnitRecorder2.m; sourceTree = "<group>"; };
		2AC7F39C1FE7AEFD00AE4C03 /* SpeexTools.h */ = {isa = PBXFileReference; lastKnownFileType = sourcecode.c.h; path = SpeexTools.h; sourceTree = "<group>"; };
		2AC7F39D1FE7AEFD00AE4C03 /* SpeexTools.m */ = {isa = PBXFileReference; lastKnownFileType = sourcecode.c.objc; path = SpeexTools.m; sourceTree = "<group>"; };
		2AD11E031FE360950009C455 /* originalpcm */ = {isa = PBXFileReference; lastKnownFileType = file; path = originalpcm; sourceTree = "<group>"; };
		2AD11E051FE367A50009C455 /* encodedpcm */ = {isa = PBXFileReference; lastKnownFileType = file; path = encodedpcm; sourceTree = "<group>"; };
		2AD11E061FE367A60009C455 /* decodedpcm */ = {isa = PBXFileReference; lastKnownFileType = file; path = decodedpcm; sourceTree = "<group>"; };
		2AE5053E1FDA709300C626A1 /* AudioQueueRecorder.h */ = {isa = PBXFileReference; lastKnownFileType = sourcecode.c.h; path = AudioQueueRecorder.h; sourceTree = "<group>"; };
		2AE5053F1FDA709300C626A1 /* AudioQueueRecorder.m */ = {isa = PBXFileReference; lastKnownFileType = sourcecode.c.objc; path = AudioQueueRecorder.m; sourceTree = "<group>"; };
		2AF4269F1FDE1C77009B8C9D /* CAFSample.caf */ = {isa = PBXFileReference; lastKnownFileType = file; path = CAFSample.caf; sourceTree = "<group>"; };
/* End PBXFileReference section */

/* Begin PBXFrameworksBuildPhase section */
		2A9DC27A1FD97AD10020A1F0 /* Frameworks */ = {
			isa = PBXFrameworksBuildPhase;
			buildActionMask = 2147483647;
			files = (
				2A01AB721FEA73C20072034B /* libspeex.a in Frameworks */,
			);
			runOnlyForDeploymentPostprocessing = 0;
		};
		2A9DC2921FD97AD20020A1F0 /* Frameworks */ = {
			isa = PBXFrameworksBuildPhase;
			buildActionMask = 2147483647;
			files = (
			);
			runOnlyForDeploymentPostprocessing = 0;
		};
		2A9DC29D1FD97AD20020A1F0 /* Frameworks */ = {
			isa = PBXFrameworksBuildPhase;
			buildActionMask = 2147483647;
			files = (
			);
			runOnlyForDeploymentPostprocessing = 0;
		};
/* End PBXFrameworksBuildPhase section */

/* Begin PBXGroup section */
		2A01AB2D1FEA73C10072034B /* speexlib */ = {
			isa = PBXGroup;
			children = (
				2A01AB2E1FEA73C10072034B /* include */,
				2A01AB371FEA73C10072034B /* lib */,
				2A01AB3C1FEA73C10072034B /* share */,
			);
			path = speexlib;
			sourceTree = "<group>";
		};
		2A01AB2E1FEA73C10072034B /* include */ = {
			isa = PBXGroup;
			children = (
				2A01AB2F1FEA73C10072034B /* speex */,
			);
			path = include;
			sourceTree = "<group>";
		};
		2A01AB2F1FEA73C10072034B /* speex */ = {
			isa = PBXGroup;
			children = (
				2A01AB301FEA73C10072034B /* speex_config_types.h */,
				2A01AB311FEA73C10072034B /* speex_header.h */,
				2A01AB321FEA73C10072034B /* speex_stereo.h */,
				2A01AB331FEA73C10072034B /* speex.h */,
				2A01AB341FEA73C10072034B /* speex_types.h */,
				2A01AB351FEA73C10072034B /* speex_bits.h */,
				2A01AB361FEA73C10072034B /* speex_callbacks.h */,
			);
			path = speex;
			sourceTree = "<group>";
		};
		2A01AB371FEA73C10072034B /* lib */ = {
			isa = PBXGroup;
			children = (
				2A01AB381FEA73C10072034B /* pkgconfig */,
				2A01AB3A1FEA73C10072034B /* libspeex.a */,
				2A01AB3B1FEA73C10072034B /* libspeex.la */,
			);
			path = lib;
			sourceTree = "<group>";
		};
		2A01AB381FEA73C10072034B /* pkgconfig */ = {
			isa = PBXGroup;
			children = (
				2A01AB391FEA73C10072034B /* speex.pc */,
			);
			path = pkgconfig;
			sourceTree = "<group>";
		};
		2A01AB3C1FEA73C10072034B /* share */ = {
			isa = PBXGroup;
			children = (
				2A01AB3D1FEA73C10072034B /* aclocal */,
				2A01AB3F1FEA73C10072034B /* doc */,
			);
			path = share;
			sourceTree = "<group>";
		};
		2A01AB3D1FEA73C10072034B /* aclocal */ = {
			isa = PBXGroup;
			children = (
				2A01AB3E1FEA73C10072034B /* speex.m4 */,
			);
			path = aclocal;
			sourceTree = "<group>";
		};
		2A01AB3F1FEA73C10072034B /* doc */ = {
			isa = PBXGroup;
			children = (
				2A01AB401FEA73C10072034B /* speex */,
			);
			path = doc;
			sourceTree = "<group>";
		};
		2A01AB401FEA73C10072034B /* speex */ = {
			isa = PBXGroup;
			children = (
				2A01AB411FEA73C10072034B /* manual.pdf */,
			);
			path = speex;
			sourceTree = "<group>";
		};
		2A9DC2741FD97AD10020A1F0 = {
			isa = PBXGroup;
			children = (
				2A9DC27F1FD97AD10020A1F0 /* cppDemo */,
				2A9DC2981FD97AD20020A1F0 /* cppDemoTests */,
				2A9DC2A31FD97AD20020A1F0 /* cppDemoUITests */,
				2A9DC27E1FD97AD10020A1F0 /* Products */,
			);
			sourceTree = "<group>";
		};
		2A9DC27E1FD97AD10020A1F0 /* Products */ = {
			isa = PBXGroup;
			children = (
				2A9DC27D1FD97AD10020A1F0 /* cppDemo.app */,
				2A9DC2951FD97AD20020A1F0 /* cppDemoTests.xctest */,
				2A9DC2A01FD97AD20020A1F0 /* cppDemoUITests.xctest */,
			);
			name = Products;
			sourceTree = "<group>";
		};
		2A9DC27F1FD97AD10020A1F0 /* cppDemo */ = {
			isa = PBXGroup;
			children = (
				2AC7F3981FE7AE5300AE4C03 /* Speex */,
				2AC7F38F1FE754CD00AE4C03 /* AudioUnit */,
				2AC7F38E1FE754B400AE4C03 /* AudioQueue */,
				2A9DC2801FD97AD10020A1F0 /* AppDelegate.h */,
				2A9DC2811FD97AD10020A1F0 /* AppDelegate.m */,
				2A9DC2831FD97AD10020A1F0 /* ViewController.h */,
				2A9DC2841FD97AD20020A1F0 /* ViewController.m */,
				2A0835B91FE11EC6000FD145 /* SpeexEnc.h */,
				2A0835BA1FE11EC6000FD145 /* SpeexEnc.c */,
				2A9DC2861FD97AD20020A1F0 /* Main.storyboard */,
				2AD11E031FE360950009C455 /* originalpcm */,
				2AD11E061FE367A60009C455 /* decodedpcm */,
				2AD11E051FE367A50009C455 /* encodedpcm */,
				2A4FF2321FF3890F0033D58B /* encodedpcm2 */,
				2A9DC2891FD97AD20020A1F0 /* Assets.xcassets */,
				2A9DC28B1FD97AD20020A1F0 /* LaunchScreen.storyboard */,
				2A9DC28E1FD97AD20020A1F0 /* Info.plist */,
				2A9DC28F1FD97AD20020A1F0 /* main.m */,
				2AF4269F1FDE1C77009B8C9D /* CAFSample.caf */,
				2AC7F3901FE7571A00AE4C03 /* test.pcm */,
				2A65FF501FE917D9007B7719 /* original2.pcm */,
				2AB1830B1FEB5C830041E07E /* speexdsp */,
				2A01AB2D1FEA73C10072034B /* speexlib */,
			);
			path = cppDemo;
			sourceTree = "<group>";
		};
		2A9DC2981FD97AD20020A1F0 /* cppDemoTests */ = {
			isa = PBXGroup;
			children = (
				2A9DC2991FD97AD20020A1F0 /* cppDemoTests.m */,
				2A9DC29B1FD97AD20020A1F0 /* Info.plist */,
			);
			path = cppDemoTests;
			sourceTree = "<group>";
		};
		2A9DC2A31FD97AD20020A1F0 /* cppDemoUITests */ = {
			isa = PBXGroup;
			children = (
				2A9DC2A41FD97AD20020A1F0 /* cppDemoUITests.m */,
				2A9DC2A61FD97AD20020A1F0 /* Info.plist */,
			);
			path = cppDemoUITests;
			sourceTree = "<group>";
		};
		2AB1830B1FEB5C830041E07E /* speexdsp */ = {
			isa = PBXGroup;
			children = (
				2AB1830C1FEB5C830041E07E /* include */,
				2AB183191FEB5C830041E07E /* libspeexdsp */,
			);
			path = speexdsp;
			sourceTree = "<group>";
		};
		2AB1830C1FEB5C830041E07E /* include */ = {
			isa = PBXGroup;
			children = (
				2AB1830D1FEB5C830041E07E /* speex */,
				2AB183171FEB5C830041E07E /* Makefile.am */,
				2AB183181FEB5C830041E07E /* Makefile.in */,
			);
			path = include;
			sourceTree = "<group>";
		};
		2AB1830D1FEB5C830041E07E /* speex */ = {
			isa = PBXGroup;
			children = (
				2AB1830E1FEB5C830041E07E /* speex_echo.h */,
				2AB1830F1FEB5C830041E07E /* speexdsp_types.h */,
				2AB183101FEB5C830041E07E /* speex_resampler.h */,
				2AB183111FEB5C830041E07E /* speex_preprocess.h */,
				2AB183121FEB5C830041E07E /* Makefile.am */,
				2AB183131FEB5C830041E07E /* speex_buffer.h */,
				2AB183141FEB5C830041E07E /* speex_jitter.h */,
				2AB183151FEB5C830041E07E /* Makefile.in */,
				2AB183161FEB5C830041E07E /* speexdsp_config_types.h.in */,
			);
			path = speex;
			sourceTree = "<group>";
		};
		2AB183191FEB5C830041E07E /* libspeexdsp */ = {
			isa = PBXGroup;
			children = (
				2AB1831A1FEB5C830041E07E /* misc_bfin.h */,
				2AB1831B1FEB5C830041E07E /* smallft.h */,
				2AB1831C1FEB5C830041E07E /* os_support.h */,
				2AB1831D1FEB5C830041E07E /* filterbank.h */,
				2AB1831E1FEB5C830041E07E /* kiss_fft.c */,
				2AB1831F1FEB5C830041E07E /* stack_alloc.h */,
				2AB183201FEB5C830041E07E /* fixed_arm4.h */,
				2AB183211FEB5C830041E07E /* buffer.c */,
				2AB183221FEB5C830041E07E /* fixed_generic.h */,
				2AB183231FEB5C830041E07E /* fixed_arm5e.h */,
				2AB183241FEB5C830041E07E /* fftwrap.c */,
				2AB183251FEB5C830041E07E /* pseudofloat.h */,
				2AB183261FEB5C830041E07E /* kiss_fftr.c */,
				2AB183271FEB5C830041E07E /* _kiss_fft_guts.h */,
				2AB183281FEB5C830041E07E /* jitter.c */,
				2AB183291FEB5C830041E07E /* math_approx.h */,
				2AB1832A1FEB5C830041E07E /* Makefile.am */,
				2AB1832B1FEB5C830041E07E /* filterbank.c */,
				2AB1832C1FEB5C830041E07E /* kiss_fft.h */,
				2AB1832D1FEB5C830041E07E /* resample.c */,
				2AB1832E1FEB5C830041E07E /* smallft.c */,
				2AB1832F1FEB5C830041E07E /* preprocess.c */,
				2AB183301FEB5C830041E07E /* resample_neon.h */,
				2AB183311FEB5C830041E07E /* mdf.c */,
				2AB183321FEB5C830041E07E /* vorbis_psy.h */,
				2AB183331FEB5C830041E07E /* echo_diagnostic.m */,
				2AB183341FEB5C830041E07E /* kiss_fftr.h */,
				2AB183351FEB5C830041E07E /* bfin.h */,
				2AB183361FEB5C830041E07E /* fftwrap.h */,
				2AB183371FEB5C830041E07E /* fixed_bfin.h */,
				2AB183381FEB5C830041E07E /* Makefile.in */,
				2AB183391FEB5C830041E07E /* fixed_debug.h */,
				2AB1833A1FEB5C830041E07E /* scal.c */,
				2AB1833B1FEB5C830041E07E /* resample_sse.h */,
				2AB1833C1FEB5C830041E07E /* arch.h */,
			);
			path = libspeexdsp;
			sourceTree = "<group>";
		};
		2AC7F38E1FE754B400AE4C03 /* AudioQueue */ = {
			isa = PBXGroup;
			children = (
				2AE5053E1FDA709300C626A1 /* AudioQueueRecorder.h */,
				2AE5053F1FDA709300C626A1 /* AudioQueueRecorder.m */,
				2A48E7E91FDA96C400FA5E5D /* AudioQueuePlayer.h */,
				2A48E7EA1FDA96C400FA5E5D /* AudioQueuePlayer.m */,
			);
			path = AudioQueue;
			sourceTree = "<group>";
		};
		2AC7F38F1FE754CD00AE4C03 /* AudioUnit */ = {
			isa = PBXGroup;
			children = (
				2AC18BA71FDFC1A400D33F19 /* AudioUnitRecorder.h */,
				2AC18BA81FDFC1A400D33F19 /* AudioUnitRecorder.m */,
				2AC7F38B1FE7479A00AE4C03 /* AudioUnitPlayer.h */,
				2AC7F38C1FE7479A00AE4C03 /* AudioUnitPlayer.m */,
				2AC7F3951FE78EB100AE4C03 /* AudioUnitRecorder2.h */,
				2AC7F3961FE78EB100AE4C03 /* AudioUnitRecorder2.m */,
				2AC7F3921FE75B5900AE4C03 /* AudioUnitPlayAndRecord.h */,
				2AC7F3931FE75B5900AE4C03 /* AudioUnitPlayAndRecord.m */,
			);
			path = AudioUnit;
			sourceTree = "<group>";
		};
		2AC7F3981FE7AE5300AE4C03 /* Speex */ = {
			isa = PBXGroup;
			children = (
				2AC7F39C1FE7AEFD00AE4C03 /* SpeexTools.h */,
				2AC7F39D1FE7AEFD00AE4C03 /* SpeexTools.m */,
				2A01AA171FEA62D50072034B /* PlayAndRecordManager.h */,
				2A01AA181FEA62D50072034B /* PlayAndRecordManager.m */,
			);
			path = Speex;
			sourceTree = "<group>";
		};
/* End PBXGroup section */

/* Begin PBXNativeTarget section */
		2A9DC27C1FD97AD10020A1F0 /* cppDemo */ = {
			isa = PBXNativeTarget;
			buildConfigurationList = 2A9DC2A91FD97AD20020A1F0 /* Build configuration list for PBXNativeTarget "cppDemo" */;
			buildPhases = (
				2A9DC2791FD97AD10020A1F0 /* Sources */,
				2A9DC27A1FD97AD10020A1F0 /* Frameworks */,
				2A9DC27B1FD97AD10020A1F0 /* Resources */,
			);
			buildRules = (
			);
			dependencies = (
			);
			name = cppDemo;
			productName = cppDemo;
			productReference = 2A9DC27D1FD97AD10020A1F0 /* cppDemo.app */;
			productType = "com.apple.product-type.application";
		};
		2A9DC2941FD97AD20020A1F0 /* cppDemoTests */ = {
			isa = PBXNativeTarget;
			buildConfigurationList = 2A9DC2AC1FD97AD20020A1F0 /* Build configuration list for PBXNativeTarget "cppDemoTests" */;
			buildPhases = (
				2A9DC2911FD97AD20020A1F0 /* Sources */,
				2A9DC2921FD97AD20020A1F0 /* Frameworks */,
				2A9DC2931FD97AD20020A1F0 /* Resources */,
			);
			buildRules = (
			);
			dependencies = (
				2A9DC2971FD97AD20020A1F0 /* PBXTargetDependency */,
			);
			name = cppDemoTests;
			productName = cppDemoTests;
			productReference = 2A9DC2951FD97AD20020A1F0 /* cppDemoTests.xctest */;
			productType = "com.apple.product-type.bundle.unit-test";
		};
		2A9DC29F1FD97AD20020A1F0 /* cppDemoUITests */ = {
			isa = PBXNativeTarget;
			buildConfigurationList = 2A9DC2AF1FD97AD20020A1F0 /* Build configuration list for PBXNativeTarget "cppDemoUITests" */;
			buildPhases = (
				2A9DC29C1FD97AD20020A1F0 /* Sources */,
				2A9DC29D1FD97AD20020A1F0 /* Frameworks */,
				2A9DC29E1FD97AD20020A1F0 /* Resources */,
			);
			buildRules = (
			);
			dependencies = (
				2A9DC2A21FD97AD20020A1F0 /* PBXTargetDependency */,
			);
			name = cppDemoUITests;
			productName = cppDemoUITests;
			productReference = 2A9DC2A01FD97AD20020A1F0 /* cppDemoUITests.xctest */;
			productType = "com.apple.product-type.bundle.ui-testing";
		};
/* End PBXNativeTarget section */

/* Begin PBXProject section */
		2A9DC2751FD97AD10020A1F0 /* Project object */ = {
			isa = PBXProject;
			attributes = {
				LastUpgradeCheck = 0910;
				ORGANIZATIONNAME = lj;
				TargetAttributes = {
					2A9DC27C1FD97AD10020A1F0 = {
						CreatedOnToolsVersion = 9.1;
						ProvisioningStyle = Manual;
					};
					2A9DC2941FD97AD20020A1F0 = {
						CreatedOnToolsVersion = 9.1;
						ProvisioningStyle = Automatic;
						TestTargetID = 2A9DC27C1FD97AD10020A1F0;
					};
					2A9DC29F1FD97AD20020A1F0 = {
						CreatedOnToolsVersion = 9.1;
						ProvisioningStyle = Automatic;
						TestTargetID = 2A9DC27C1FD97AD10020A1F0;
					};
				};
			};
			buildConfigurationList = 2A9DC2781FD97AD10020A1F0 /* Build configuration list for PBXProject "cppDemo" */;
			compatibilityVersion = "Xcode 8.0";
			developmentRegion = en;
			hasScannedForEncodings = 0;
			knownRegions = (
				en,
				Base,
			);
			mainGroup = 2A9DC2741FD97AD10020A1F0;
			productRefGroup = 2A9DC27E1FD97AD10020A1F0 /* Products */;
			projectDirPath = "";
			projectRoot = "";
			targets = (
				2A9DC27C1FD97AD10020A1F0 /* cppDemo */,
				2A9DC2941FD97AD20020A1F0 /* cppDemoTests */,
				2A9DC29F1FD97AD20020A1F0 /* cppDemoUITests */,
			);
		};
/* End PBXProject section */

/* Begin PBXResourcesBuildPhase section */
		2A9DC27B1FD97AD10020A1F0 /* Resources */ = {
			isa = PBXResourcesBuildPhase;
			buildActionMask = 2147483647;
			files = (
				2AB183411FEB5C830041E07E /* Makefile.in in Resources */,
				2AB1833E1FEB5C830041E07E /* Makefile.in in Resources */,
				2A01AB741FEA73C20072034B /* speex.m4 in Resources */,
				2AB1833D1FEB5C830041E07E /* Makefile.am in Resources */,
				2AB183471FEB5C830041E07E /* Makefile.am in Resources */,
				2AD11E041FE360950009C455 /* originalpcm in Resources */,
				2A9DC28D1FD97AD20020A1F0 /* LaunchScreen.storyboard in Resources */,
				2A01AB711FEA73C20072034B /* speex.pc in Resources */,
				2AD11E071FE367A60009C455 /* encodedpcm in Resources */,
				2A65FF511FE917D9007B7719 /* original2.pcm in Resources */,
				2AB1834E1FEB5C830041E07E /* Makefile.in in Resources */,
				2AF426A01FDE1C77009B8C9D /* CAFSample.caf in Resources */,
				2A01AB731FEA73C20072034B /* libspeex.la in Resources */,
				2AB1833F1FEB5C830041E07E /* speexdsp_config_types.h.in in Resources */,
				2A4FF2331FF3890F0033D58B /* encodedpcm2 in Resources */,
				2AB183401FEB5C830041E07E /* Makefile.am in Resources */,
				2AC7F3911FE7571A00AE4C03 /* test.pcm in Resources */,
				2AD11E081FE367A60009C455 /* decodedpcm in Resources */,
				2A01AB751FEA73C20072034B /* manual.pdf in Resources */,
				2A9DC28A1FD97AD20020A1F0 /* Assets.xcassets in Resources */,
				2A9DC2881FD97AD20020A1F0 /* Main.storyboard in Resources */,
			);
			runOnlyForDeploymentPostprocessing = 0;
		};
		2A9DC2931FD97AD20020A1F0 /* Resources */ = {
			isa = PBXResourcesBuildPhase;
			buildActionMask = 2147483647;
			files = (
			);
			runOnlyForDeploymentPostprocessing = 0;
		};
		2A9DC29E1FD97AD20020A1F0 /* Resources */ = {
			isa = PBXResourcesBuildPhase;
			buildActionMask = 2147483647;
			files = (
			);
			runOnlyForDeploymentPostprocessing = 0;
		};
/* End PBXResourcesBuildPhase section */

/* Begin PBXSourcesBuildPhase section */
		2A9DC2791FD97AD10020A1F0 /* Sources */ = {
			isa = PBXSourcesBuildPhase;
			buildActionMask = 2147483647;
			files = (
				2A9DC2851FD97AD20020A1F0 /* ViewController.m in Sources */,
				2AC7F3941FE75B5900AE4C03 /* AudioUnitPlayAndRecord.m in Sources */,
				2A48E7EB1FDA96C400FA5E5D /* AudioQueuePlayer.m in Sources */,
				2AB183481FEB5C830041E07E /* filterbank.c in Sources */,
				2A01AA191FEA62D50072034B /* PlayAndRecordManager.m in Sources */,
				2AB1834D1FEB5C830041E07E /* echo_diagnostic.m in Sources */,
				2AE505401FDA709300C626A1 /* AudioQueueRecorder.m in Sources */,
				2AC7F38D1FE7479A00AE4C03 /* AudioUnitPlayer.m in Sources */,
				2AB183491FEB5C830041E07E /* resample.c in Sources */,
				2AB183441FEB5C830041E07E /* fftwrap.c in Sources */,
				2AB1834A1FEB5C830041E07E /* smallft.c in Sources */,
				2AB183451FEB5C830041E07E /* kiss_fftr.c in Sources */,
				2AB1834C1FEB5C830041E07E /* mdf.c in Sources */,
				2AB183421FEB5C830041E07E /* kiss_fft.c in Sources */,
				2AB183431FEB5C830041E07E /* buffer.c in Sources */,
				2AB183461FEB5C830041E07E /* jitter.c in Sources */,
				2A9DC2901FD97AD20020A1F0 /* main.m in Sources */,
				2AC7F39E1FE7AEFD00AE4C03 /* SpeexTools.m in Sources */,
				2AB1834F1FEB5C830041E07E /* scal.c in Sources */,
				2AC18BA91FDFC1A400D33F19 /* AudioUnitRecorder.m in Sources */,
				2AB1834B1FEB5C830041E07E /* preprocess.c in Sources */,
				2A9DC2821FD97AD10020A1F0 /* AppDelegate.m in Sources */,
				2A0835BB1FE11EC6000FD145 /* SpeexEnc.c in Sources */,
				2AC7F3971FE78EB100AE4C03 /* AudioUnitRecorder2.m in Sources */,
			);
			runOnlyForDeploymentPostprocessing = 0;
		};
		2A9DC2911FD97AD20020A1F0 /* Sources */ = {
			isa = PBXSourcesBuildPhase;
			buildActionMask = 2147483647;
			files = (
				2A9DC29A1FD97AD20020A1F0 /* cppDemoTests.m in Sources */,
			);
			runOnlyForDeploymentPostprocessing = 0;
		};
		2A9DC29C1FD97AD20020A1F0 /* Sources */ = {
			isa = PBXSourcesBuildPhase;
			buildActionMask = 2147483647;
			files = (
				2A9DC2A51FD97AD20020A1F0 /* cppDemoUITests.m in Sources */,
			);
			runOnlyForDeploymentPostprocessing = 0;
		};
/* End PBXSourcesBuildPhase section */

/* Begin PBXTargetDependency section */
		2A9DC2971FD97AD20020A1F0 /* PBXTargetDependency */ = {
			isa = PBXTargetDependency;
			target = 2A9DC27C1FD97AD10020A1F0 /* cppDemo */;
			targetProxy = 2A9DC2961FD97AD20020A1F0 /* PBXContainerItemProxy */;
		};
		2A9DC2A21FD97AD20020A1F0 /* PBXTargetDependency */ = {
			isa = PBXTargetDependency;
			target = 2A9DC27C1FD97AD10020A1F0 /* cppDemo */;
			targetProxy = 2A9DC2A11FD97AD20020A1F0 /* PBXContainerItemProxy */;
		};
/* End PBXTargetDependency section */

/* Begin PBXVariantGroup section */
		2A9DC2861FD97AD20020A1F0 /* Main.storyboard */ = {
			isa = PBXVariantGroup;
			children = (
				2A9DC2871FD97AD20020A1F0 /* Base */,
			);
			name = Main.storyboard;
			sourceTree = "<group>";
		};
		2A9DC28B1FD97AD20020A1F0 /* LaunchScreen.storyboard */ = {
			isa = PBXVariantGroup;
			children = (
				2A9DC28C1FD97AD20020A1F0 /* Base */,
			);
			name = LaunchScreen.storyboard;
			sourceTree = "<group>";
		};
/* End PBXVariantGroup section */

/* Begin XCBuildConfiguration section */
		2A9DC2A71FD97AD20020A1F0 /* Debug */ = {
			isa = XCBuildConfiguration;
			buildSettings = {
				ALWAYS_SEARCH_USER_PATHS = NO;
				CLANG_ANALYZER_NONNULL = YES;
				CLANG_ANALYZER_NUMBER_OBJECT_CONVERSION = YES_AGGRESSIVE;
				CLANG_CXX_LANGUAGE_STANDARD = "gnu++14";
				CLANG_CXX_LIBRARY = "libc++";
				CLANG_ENABLE_MODULES = YES;
				CLANG_ENABLE_OBJC_ARC = YES;
				CLANG_WARN_BLOCK_CAPTURE_AUTORELEASING = YES;
				CLANG_WARN_BOOL_CONVERSION = YES;
				CLANG_WARN_COMMA = YES;
				CLANG_WARN_CONSTANT_CONVERSION = YES;
				CLANG_WARN_DIRECT_OBJC_ISA_USAGE = YES_ERROR;
				CLANG_WARN_DOCUMENTATION_COMMENTS = YES;
				CLANG_WARN_EMPTY_BODY = YES;
				CLANG_WARN_ENUM_CONVERSION = YES;
				CLANG_WARN_INFINITE_RECURSION = YES;
				CLANG_WARN_INT_CONVERSION = YES;
				CLANG_WARN_NON_LITERAL_NULL_CONVERSION = YES;
				CLANG_WARN_OBJC_LITERAL_CONVERSION = YES;
				CLANG_WARN_OBJC_ROOT_CLASS = YES_ERROR;
				CLANG_WARN_RANGE_LOOP_ANALYSIS = YES;
				CLANG_WARN_STRICT_PROTOTYPES = YES;
				CLANG_WARN_SUSPICIOUS_MOVE = YES;
				CLANG_WARN_UNGUARDED_AVAILABILITY = YES_AGGRESSIVE;
				CLANG_WARN_UNREACHABLE_CODE = YES;
				CLANG_WARN__DUPLICATE_METHOD_MATCH = YES;
				CODE_SIGN_IDENTITY = "iPhone Developer";
				COPY_PHASE_STRIP = NO;
				DEBUG_INFORMATION_FORMAT = dwarf;
				ENABLE_STRICT_OBJC_MSGSEND = YES;
				ENABLE_TESTABILITY = YES;
				GCC_C_LANGUAGE_STANDARD = gnu11;
				GCC_DYNAMIC_NO_PIC = NO;
				GCC_NO_COMMON_BLOCKS = YES;
				GCC_OPTIMIZATION_LEVEL = 0;
				GCC_PREPROCESSOR_DEFINITIONS = (
					"DEBUG=1",
					"$(inherited)",
				);
				GCC_WARN_64_TO_32_BIT_CONVERSION = YES;
				GCC_WARN_ABOUT_RETURN_TYPE = YES_ERROR;
				GCC_WARN_UNDECLARED_SELECTOR = YES;
				GCC_WARN_UNINITIALIZED_AUTOS = YES_AGGRESSIVE;
				GCC_WARN_UNUSED_FUNCTION = YES;
				GCC_WARN_UNUSED_VARIABLE = YES;
				IPHONEOS_DEPLOYMENT_TARGET = 11.1;
				MTL_ENABLE_DEBUG_INFO = YES;
				ONLY_ACTIVE_ARCH = YES;
				SDKROOT = iphoneos;
			};
			name = Debug;
		};
		2A9DC2A81FD97AD20020A1F0 /* Release */ = {
			isa = XCBuildConfiguration;
			buildSettings = {
				ALWAYS_SEARCH_USER_PATHS = NO;
				CLANG_ANALYZER_NONNULL = YES;
				CLANG_ANALYZER_NUMBER_OBJECT_CONVERSION = YES_AGGRESSIVE;
				CLANG_CXX_LANGUAGE_STANDARD = "gnu++14";
				CLANG_CXX_LIBRARY = "libc++";
				CLANG_ENABLE_MODULES = YES;
				CLANG_ENABLE_OBJC_ARC = YES;
				CLANG_WARN_BLOCK_CAPTURE_AUTORELEASING = YES;
				CLANG_WARN_BOOL_CONVERSION = YES;
				CLANG_WARN_COMMA = YES;
				CLANG_WARN_CONSTANT_CONVERSION = YES;
				CLANG_WARN_DIRECT_OBJC_ISA_USAGE = YES_ERROR;
				CLANG_WARN_DOCUMENTATION_COMMENTS = YES;
				CLANG_WARN_EMPTY_BODY = YES;
				CLANG_WARN_ENUM_CONVERSION = YES;
				CLANG_WARN_INFINITE_RECURSION = YES;
				CLANG_WARN_INT_CONVERSION = YES;
				CLANG_WARN_NON_LITERAL_NULL_CONVERSION = YES;
				CLANG_WARN_OBJC_LITERAL_CONVERSION = YES;
				CLANG_WARN_OBJC_ROOT_CLASS = YES_ERROR;
				CLANG_WARN_RANGE_LOOP_ANALYSIS = YES;
				CLANG_WARN_STRICT_PROTOTYPES = YES;
				CLANG_WARN_SUSPICIOUS_MOVE = YES;
				CLANG_WARN_UNGUARDED_AVAILABILITY = YES_AGGRESSIVE;
				CLANG_WARN_UNREACHABLE_CODE = YES;
				CLANG_WARN__DUPLICATE_METHOD_MATCH = YES;
				CODE_SIGN_IDENTITY = "iPhone Developer";
				COPY_PHASE_STRIP = NO;
				DEBUG_INFORMATION_FORMAT = "dwarf-with-dsym";
				ENABLE_NS_ASSERTIONS = NO;
				ENABLE_STRICT_OBJC_MSGSEND = YES;
				GCC_C_LANGUAGE_STANDARD = gnu11;
				GCC_NO_COMMON_BLOCKS = YES;
				GCC_WARN_64_TO_32_BIT_CONVERSION = YES;
				GCC_WARN_ABOUT_RETURN_TYPE = YES_ERROR;
				GCC_WARN_UNDECLARED_SELECTOR = YES;
				GCC_WARN_UNINITIALIZED_AUTOS = YES_AGGRESSIVE;
				GCC_WARN_UNUSED_FUNCTION = YES;
				GCC_WARN_UNUSED_VARIABLE = YES;
				IPHONEOS_DEPLOYMENT_TARGET = 11.1;
				MTL_ENABLE_DEBUG_INFO = NO;
				SDKROOT = iphoneos;
				VALIDATE_PRODUCT = YES;
			};
			name = Release;
		};
		2A9DC2AA1FD97AD20020A1F0 /* Debug */ = {
			isa = XCBuildConfiguration;
			buildSettings = {
				ASSETCATALOG_COMPILER_APPICON_NAME = AppIcon;
				CLANG_CXX_LANGUAGE_STANDARD = "gnu++0x";
				CODE_SIGN_STYLE = Manual;
				DEVELOPMENT_TEAM = 2D58CNG8UK;
				GCC_C_LANGUAGE_STANDARD = gnu11;
				GCC_PREPROCESSOR_DEFINITIONS = (
					"DEBUG=1",
					"$(inherited)",
					"EXPORT=\"\"",
					FIXED_POINT,
					USE_KISS_FFT,
				);
				HEADER_SEARCH_PATHS = "$(PROJECT_DIR)/cppDemo/speexdsp/include";
				INFOPLIST_FILE = cppDemo/Info.plist;
				IPHONEOS_DEPLOYMENT_TARGET = 8.0;
				LD_RUNPATH_SEARCH_PATHS = "$(inherited) @executable_path/Frameworks";
				LIBRARY_SEARCH_PATHS = (
					"$(inherited)",
					"$(PROJECT_DIR)/cppDemo/speexlib/lib",
					"$(PROJECT_DIR)/cppDemo/speexdsp/libspeexdsp",
				);
				PRODUCT_BUNDLE_IDENTIFIER = com.cppDemo;
				PRODUCT_NAME = "$(TARGET_NAME)";
				PROVISIONING_PROFILE = "8fdbd7f8-18fc-4e07-b3fe-4ae6725b8633";
				PROVISIONING_PROFILE_SPECIFIER = wildcard_1009;
				TARGETED_DEVICE_FAMILY = "1,2";
			};
			name = Debug;
		};
		2A9DC2AB1FD97AD20020A1F0 /* Release */ = {
			isa = XCBuildConfiguration;
			buildSettings = {
				ASSETCATALOG_COMPILER_APPICON_NAME = AppIcon;
				CLANG_CXX_LANGUAGE_STANDARD = "gnu++0x";
				CODE_SIGN_STYLE = Manual;
				DEVELOPMENT_TEAM = 2D58CNG8UK;
				GCC_C_LANGUAGE_STANDARD = gnu11;
				HEADER_SEARCH_PATHS = "$(PROJECT_DIR)/cppDemo/speexdsp/include";
				INFOPLIST_FILE = cppDemo/Info.plist;
				IPHONEOS_DEPLOYMENT_TARGET = 8.0;
				LD_RUNPATH_SEARCH_PATHS = "$(inherited) @executable_path/Frameworks";
				LIBRARY_SEARCH_PATHS = (
					"$(inherited)",
					"$(PROJECT_DIR)/cppDemo/speexlib/lib",
					"$(PROJECT_DIR)/cppDemo/speexdsp/libspeexdsp",
				);
				PRODUCT_BUNDLE_IDENTIFIER = com.cppDemo;
				PRODUCT_NAME = "$(TARGET_NAME)";
				PROVISIONING_PROFILE_SPECIFIER = "";
				TARGETED_DEVICE_FAMILY = "1,2";
			};
			name = Release;
		};
		2A9DC2AD1FD97AD20020A1F0 /* Debug */ = {
			isa = XCBuildConfiguration;
			buildSettings = {
				BUNDLE_LOADER = "$(TEST_HOST)";
				CODE_SIGN_STYLE = Automatic;
				INFOPLIST_FILE = cppDemoTests/Info.plist;
				LD_RUNPATH_SEARCH_PATHS = "$(inherited) @executable_path/Frameworks @loader_path/Frameworks";
				PRODUCT_BUNDLE_IDENTIFIER = com.cppDemoTests;
				PRODUCT_NAME = "$(TARGET_NAME)";
				TARGETED_DEVICE_FAMILY = "1,2";
				TEST_HOST = "$(BUILT_PRODUCTS_DIR)/cppDemo.app/cppDemo";
			};
			name = Debug;
		};
		2A9DC2AE1FD97AD20020A1F0 /* Release */ = {
			isa = XCBuildConfiguration;
			buildSettings = {
				BUNDLE_LOADER = "$(TEST_HOST)";
				CODE_SIGN_STYLE = Automatic;
				INFOPLIST_FILE = cppDemoTests/Info.plist;
				LD_RUNPATH_SEARCH_PATHS = "$(inherited) @executable_path/Frameworks @loader_path/Frameworks";
				PRODUCT_BUNDLE_IDENTIFIER = com.cppDemoTests;
				PRODUCT_NAME = "$(TARGET_NAME)";
				TARGETED_DEVICE_FAMILY = "1,2";
				TEST_HOST = "$(BUILT_PRODUCTS_DIR)/cppDemo.app/cppDemo";
			};
			name = Release;
		};
		2A9DC2B01FD97AD20020A1F0 /* Debug */ = {
			isa = XCBuildConfiguration;
			buildSettings = {
				CODE_SIGN_STYLE = Automatic;
				INFOPLIST_FILE = cppDemoUITests/Info.plist;
				LD_RUNPATH_SEARCH_PATHS = "$(inherited) @executable_path/Frameworks @loader_path/Frameworks";
				PRODUCT_BUNDLE_IDENTIFIER = com.cppDemoUITests;
				PRODUCT_NAME = "$(TARGET_NAME)";
				TARGETED_DEVICE_FAMILY = "1,2";
				TEST_TARGET_NAME = cppDemo;
			};
			name = Debug;
		};
		2A9DC2B11FD97AD20020A1F0 /* Release */ = {
			isa = XCBuildConfiguration;
			buildSettings = {
				CODE_SIGN_STYLE = Automatic;
				INFOPLIST_FILE = cppDemoUITests/Info.plist;
				LD_RUNPATH_SEARCH_PATHS = "$(inherited) @executable_path/Frameworks @loader_path/Frameworks";
				PRODUCT_BUNDLE_IDENTIFIER = com.cppDemoUITests;
				PRODUCT_NAME = "$(TARGET_NAME)";
				TARGETED_DEVICE_FAMILY = "1,2";
				TEST_TARGET_NAME = cppDemo;
			};
			name = Release;
		};
/* End XCBuildConfiguration section */

/* Begin XCConfigurationList section */
		2A9DC2781FD97AD10020A1F0 /* Build configuration list for PBXProject "cppDemo" */ = {
			isa = XCConfigurationList;
			buildConfigurations = (
				2A9DC2A71FD97AD20020A1F0 /* Debug */,
				2A9DC2A81FD97AD20020A1F0 /* Release */,
			);
			defaultConfigurationIsVisible = 0;
			defaultConfigurationName = Release;
		};
		2A9DC2A91FD97AD20020A1F0 /* Build configuration list for PBXNativeTarget "cppDemo" */ = {
			isa = XCConfigurationList;
			buildConfigurations = (
				2A9DC2AA1FD97AD20020A1F0 /* Debug */,
				2A9DC2AB1FD97AD20020A1F0 /* Release */,
			);
			defaultConfigurationIsVisible = 0;
			defaultConfigurationName = Release;
		};
		2A9DC2AC1FD97AD20020A1F0 /* Build configuration list for PBXNativeTarget "cppDemoTests" */ = {
			isa = XCConfigurationList;
			buildConfigurations = (
				2A9DC2AD1FD97AD20020A1F0 /* Debug */,
				2A9DC2AE1FD97AD20020A1F0 /* Release */,
			);
			defaultConfigurationIsVisible = 0;
			defaultConfigurationName = Release;
		};
		2A9DC2AF1FD97AD20020A1F0 /* Build configuration list for PBXNativeTarget "cppDemoUITests" */ = {
			isa = XCConfigurationList;
			buildConfigurations = (
				2A9DC2B01FD97AD20020A1F0 /* Debug */,
				2A9DC2B11FD97AD20020A1F0 /* Release */,
			);
			defaultConfigurationIsVisible = 0;
			defaultConfigurationName = Release;
		};
/* End XCConfigurationList section */
	};
	rootObject = 2A9DC2751FD97AD10020A1F0 /* Project object */;
}
